
Microsoft Visual Studio Solution File, Format Version 12.00
# Visual Studio for Mac
Project("{FAE04EC0-301F-11D3-BF4B-00C04F79EFBC}") = "Assembly-CSharp", "Assembly-CSharp.csproj", "{FBC5BE72-1F12-C80A-2CF0-6947C9FF5FE8}"
EndProject
Project("{FAE04EC0-301F-11D3-BF4B-00C04F79EFBC}") = "Assembly-CSharp-firstpass", "Assembly-CSharp-firstpass.csproj", "{6C7FFEF8-3EEC-9CED-8533-A3C6498BE847}"
EndProject
Project("{FAE04EC0-301F-11D3-BF4B-00C04F79EFBC}") = "Assembly-CSharp-Editor-firstpass", "Assembly-CSharp-Editor-firstpass.csproj", "{EB0B020D-062D-C88A-9E2D-2E16128839C6}"
EndProject
Global
	GlobalSection(SolutionConfigurationPlatforms) = preSolution
		Debug|Any CPU = Debug|Any CPU
		Release|Any CPU = Release|Any CPU
	EndGlobalSection
	GlobalSection(ProjectConfigurationPlatforms) = postSolution
		{FBC5BE72-1F12-C80A-2CF0-6947C9FF5FE8}.Debug|Any CPU.ActiveCfg = Debug|Any CPU
		{FBC5BE72-1F12-C80A-2CF0-6947C9FF5FE8}.Debug|Any CPU.Build.0 = Debug|Any CPU
		{FBC5BE72-1F12-C80A-2CF0-6947C9FF5FE8}.Release|Any CPU.ActiveCfg = Release|Any CPU
		{FBC5BE72-1F12-C80A-2CF0-6947C9FF5FE8}.Release|Any CPU.Build.0 = Release|Any CPU
		{6C7FFEF8-3EEC-9CED-8533-A3C6498BE847}.Debug|Any CPU.ActiveCfg = Debug|Any CPU
		{6C7FFEF8-3EEC-9CED-8533-A3C6498BE847}.Debug|Any CPU.Build.0 = Debug|Any CPU
		{6C7FFEF8-3EEC-9CED-8533-A3C6498BE847}.Release|Any CPU.ActiveCfg = Release|Any CPU
		{6C7FFEF8-3EEC-9CED-8533-A3C6498BE847}.Release|Any CPU.Build.0 = Release|Any CPU
		{EB0B020D-062D-C88A-9E2D-2E16128839C6}.Debug|Any CPU.ActiveCfg = Debug|Any CPU
		{EB0B020D-062D-C88A-9E2D-2E16128839C6}.Debug|Any CPU.Build.0 = Debug|Any CPU
		{EB0B020D-062D-C88A-9E2D-2E16128839C6}.Release|Any CPU.ActiveCfg = Release|Any CPU
		{EB0B020D-062D-C88A-9E2D-2E16128839C6}.Release|Any CPU.Build.0 = Release|Any CPU
	EndGlobalSection
	GlobalSection(SolutionProperties) = preSolution
		HideSolutionNode = FALSE
	EndGlobalSection
EndGlobal
